
Microsoft Visual Studio Solution File, Format Version 12.00
# Visual Studio Version 16
VisualStudioVersion = 16.0.31424.327
MinimumVisualStudioVersion = 10.0.40219.1
Project("{9A19103F-16F7-4668-BE54-9A1E7A4F7556}") = "transponowanko", "transponowanko\transponowanko.csproj", "{D802452A-0979-4FC8-8E5F-DC263B80F067}"
EndProject
Global
	GlobalSection(SolutionConfigurationPlatforms) = preSolution
		Debug|Any CPU = Debug|Any CPU
		Release|Any CPU = Release|Any CPU
	EndGlobalSection
	GlobalSection(ProjectConfigurationPlatforms) = postSolution
		{D802452A-0979-4FC8-8E5F-DC263B80F067}.Debug|Any CPU.ActiveCfg = Debug|Any CPU
		{D802452A-0979-4FC8-8E5F-DC263B80F067}.Debug|Any CPU.Build.0 = Debug|Any CPU
		{D802452A-0979-4FC8-8E5F-DC263B80F067}.Release|Any CPU.ActiveCfg = Release|Any CPU
		{D802452A-0979-4FC8-8E5F-DC263B80F067}.Release|Any CPU.Build.0 = Release|Any CPU
	EndGlobalSection
	GlobalSection(SolutionProperties) = preSolution
		HideSolutionNode = FALSE
	EndGlobalSection
	GlobalSection(ExtensibilityGlobals) = postSolution
		SolutionGuid = {FE5FF3A7-F053-4B65-B7CD-D40388C851AE}
	EndGlobalSection
EndGlobal
